
Microsoft Visual Studio Solution File, Format Version 11.00
# Visual Studio 2010
Project("{8BC9CEB8-8B4A-11D0-8D11-00A0C91BC942}") = "rep", "rep_2010.vcxproj", "{22DDA840-FA58-4C02-B05C-08AF2F1D73B4}"
EndProject
Project("{8BC9CEB8-8B4A-11D0-8D11-00A0C91BC942}") = "repTests", "repTests\repTests.vcxproj", "{C60F3D3A-72CA-4D8F-BB1B-EF3549D454BB}"
EndProject
Global
	GlobalSection(SolutionConfigurationPlatforms) = preSolution
		Debug|Win32 = Debug|Win32
		Debug|x64 = Debug|x64
		Release|Win32 = Release|Win32
		Release|x64 = Release|x64
	EndGlobalSection
	GlobalSection(ProjectConfigurationPlatforms) = postSolution
		{22DDA840-FA58-4C02-B05C-08AF2F1D73B4}.Debug|Win32.ActiveCfg = Debug|Win32
		{22DDA840-FA58-4C02-B05C-08AF2F1D73B4}.Debug|Win32.Build.0 = Debug|Win32
		{22DDA840-FA58-4C02-B05C-08AF2F1D73B4}.Debug|x64.ActiveCfg = Debug|Win32
		{22DDA840-FA58-4C02-B05C-08AF2F1D73B4}.Debug|x64.Build.0 = Debug|Win32
		{22DDA840-FA58-4C02-B05C-08AF2F1D73B4}.Release|Win32.ActiveCfg = Release|x64
		{22DDA840-FA58-4C02-B05C-08AF2F1D73B4}.Release|Win32.Build.0 = Release|x64
		{22DDA840-FA58-4C02-B05C-08AF2F1D73B4}.Release|x64.ActiveCfg = Release|x64
		{22DDA840-FA58-4C02-B05C-08AF2F1D73B4}.Release|x64.Build.0 = Release|x64
		{C60F3D3A-72CA-4D8F-BB1B-EF3549D454BB}.Debug|Win32.ActiveCfg = Debug|Win32
		{C60F3D3A-72CA-4D8F-BB1B-EF3549D454BB}.Debug|Win32.Build.0 = Debug|Win32
		{C60F3D3A-72CA-4D8F-BB1B-EF3549D454BB}.Debug|x64.ActiveCfg = Debug|Win32
		{C60F3D3A-72CA-4D8F-BB1B-EF3549D454BB}.Debug|x64.Build.0 = Debug|Win32
		{C60F3D3A-72CA-4D8F-BB1B-EF3549D454BB}.Release|Win32.ActiveCfg = Release|x64
		{C60F3D3A-72CA-4D8F-BB1B-EF3549D454BB}.Release|Win32.Build.0 = Release|x64
		{C60F3D3A-72CA-4D8F-BB1B-EF3549D454BB}.Release|x64.ActiveCfg = Release|x64
		{C60F3D3A-72CA-4D8F-BB1B-EF3549D454BB}.Release|x64.Build.0 = Release|x64
	EndGlobalSection
	GlobalSection(SolutionProperties) = preSolution
		HideSolutionNode = FALSE
	EndGlobalSection
EndGlobal
